// !$*UTF8*$!
{
	archiveVersion = 1;
	classes = {
	};
	objectVersion = 48;
	objects = {

/* Begin PBXBuildFile section */
		682D5FEE2049DCD500DC633A /* AppDelegate.swift in Sources */ = {isa = PBXBuildFile; fileRef = 682D5FED2049DCD500DC633A /* AppDelegate.swift */; };
		682D5FF52049DCD500DC633A /* Main.storyboard in Resources */ = {isa = PBXBuildFile; fileRef = 682D5FF32049DCD500DC633A /* Main.storyboard */; };
		682D5FF72049DCD500DC633A /* Assets.xcassets in Resources */ = {isa = PBXBuildFile; fileRef = 682D5FF62049DCD500DC633A /* Assets.xcassets */; };
		682D5FFA2049DCD500DC633A /* LaunchScreen.storyboard in Resources */ = {isa = PBXBuildFile; fileRef = 682D5FF82049DCD500DC633A /* LaunchScreen.storyboard */; };
		682D60022049E37500DC633A /* ContactsDB.plist in Resources */ = {isa = PBXBuildFile; fileRef = 682D60012049E37500DC633A /* ContactsDB.plist */; };
		682D603B2049E6C700DC633A /* plistLoader.swift in Sources */ = {isa = PBXBuildFile; fileRef = 682D603A2049E6C700DC633A /* plistLoader.swift */; };
		682D603D2049E78C00DC633A /* contact.swift in Sources */ = {isa = PBXBuildFile; fileRef = 682D603C2049E78C00DC633A /* contact.swift */; };
		682D603F2049E95200DC633A /* ContactListController.swift in Sources */ = {isa = PBXBuildFile; fileRef = 682D603E2049E95200DC633A /* ContactListController.swift */; };
		682D60412049EA5700DC633A /* ContactDetailController.swift in Sources */ = {isa = PBXBuildFile; fileRef = 682D60402049EA5700DC633A /* ContactDetailController.swift */; };
/* End PBXBuildFile section */

/* Begin PBXFileReference section */
		682D5FEA2049DCD500DC633A /* contacts.app */ = {isa = PBXFileReference; explicitFileType = wrapper.application; includeInIndex = 0; path = contacts.app; sourceTree = BUILT_PRODUCTS_DIR; };
		682D5FED2049DCD500DC633A /* AppDelegate.swift */ = {isa = PBXFileReference; lastKnownFileType = sourcecode.swift; path = AppDelegate.swift; sourceTree = "<group>"; };
		682D5FF42049DCD500DC633A /* Base */ = {isa = PBXFileReference; lastKnownFileType = file.storyboard; name = Base; path = Base.lproj/Main.storyboard; sourceTree = "<group>"; };
		682D5FF62049DCD500DC633A /* Assets.xcassets */ = {isa = PBXFileReference; lastKnownFileType = folder.assetcatalog; path = Assets.xcassets; sourceTree = "<group>"; };
		682D5FF92049DCD500DC633A /* Base */ = {isa = PBXFileReference; lastKnownFileType = file.storyboard; name = Base; path = Base.lproj/LaunchScreen.storyboard; sourceTree = "<group>"; };
		682D5FFB2049DCD600DC633A /* Info.plist */ = {isa = PBXFileReference; lastKnownFileType = text.plist.xml; path = Info.plist; sourceTree = "<group>"; };
		682D60012049E37500DC633A /* ContactsDB.plist */ = {isa = PBXFileReference; fileEncoding = 4; lastKnownFileType = text.plist.xml; path = ContactsDB.plist; sourceTree = "<group>"; };
		682D603A2049E6C700DC633A /* plistLoader.swift */ = {isa = PBXFileReference; lastKnownFileType = sourcecode.swift; path = plistLoader.swift; sourceTree = "<group>"; };
		682D603C2049E78C00DC633A /* contact.swift */ = {isa = PBXFileReference; lastKnownFileType = sourcecode.swift; path = contact.swift; sourceTree = "<group>"; };
		682D603E2049E95200DC633A /* ContactListController.swift */ = {isa = PBXFileReference; lastKnownFileType = sourcecode.swift; path = ContactListController.swift; sourceTree = "<group>"; };
		682D60402049EA5700DC633A /* ContactDetailController.swift */ = {isa = PBXFileReference; lastKnownFileType = sourcecode.swift; path = ContactDetailController.swift; sourceTree = "<group>"; };
/* End PBXFileReference section */

/* Begin PBXFrameworksBuildPhase section */
		682D5FE72049DCD500DC633A /* Frameworks */ = {
			isa = PBXFrameworksBuildPhase;
			buildActionMask = 2147483647;
			files = (
			);
			runOnlyForDeploymentPostprocessing = 0;
		};
/* End PBXFrameworksBuildPhase section */

/* Begin PBXGroup section */
		682D5FE12049DCD500DC633A = {
			isa = PBXGroup;
			children = (
				682D5FEC2049DCD500DC633A /* contacts */,
				682D5FEB2049DCD500DC633A /* Products */,
			);
			sourceTree = "<group>";
		};
		682D5FEB2049DCD500DC633A /* Products */ = {
			isa = PBXGroup;
			children = (
				682D5FEA2049DCD500DC633A /* contacts.app */,
			);
			name = Products;
			sourceTree = "<group>";
		};
		682D5FEC2049DCD500DC633A /* contacts */ = {
			isa = PBXGroup;
			children = (
				682D5FED2049DCD500DC633A /* AppDelegate.swift */,
				682D60012049E37500DC633A /* ContactsDB.plist */,
				682D5FF32049DCD500DC633A /* Main.storyboard */,
				682D5FF62049DCD500DC633A /* Assets.xcassets */,
				682D5FF82049DCD500DC633A /* LaunchScreen.storyboard */,
				682D5FFB2049DCD600DC633A /* Info.plist */,
				682D603A2049E6C700DC633A /* plistLoader.swift */,
				682D603C2049E78C00DC633A /* contact.swift */,
				682D603E2049E95200DC633A /* ContactListController.swift */,
				682D60402049EA5700DC633A /* ContactDetailController.swift */,
			);
			path = contacts;
			sourceTree = "<group>";
		};
/* End PBXGroup section */

/* Begin PBXNativeTarget section */
		682D5FE92049DCD500DC633A /* contacts */ = {
			isa = PBXNativeTarget;
			buildConfigurationList = 682D5FFE2049DCD600DC633A /* Build configuration list for PBXNativeTarget "contacts" */;
			buildPhases = (
				682D5FE62049DCD500DC633A /* Sources */,
				682D5FE72049DCD500DC633A /* Frameworks */,
				682D5FE82049DCD500DC633A /* Resources */,
			);
			buildRules = (
			);
			dependencies = (
			);
			name = contacts;
			productName = contacts;
			productReference = 682D5FEA2049DCD500DC633A /* contacts.app */;
			productType = "com.apple.product-type.application";
		};
/* End PBXNativeTarget section */

/* Begin PBXProject section */
		682D5FE22049DCD500DC633A /* Project object */ = {
			isa = PBXProject;
			attributes = {
				LastSwiftUpdateCheck = 0920;
				LastUpgradeCheck = 0920;
				ORGANIZATIONNAME = personal;
				TargetAttributes = {
					682D5FE92049DCD500DC633A = {
						CreatedOnToolsVersion = 9.2;
						ProvisioningStyle = Automatic;
					};
				};
			};
			buildConfigurationList = 682D5FE52049DCD500DC633A /* Build configuration list for PBXProject "contacts" */;
			compatibilityVersion = "Xcode 8.0";
			developmentRegion = en;
			hasScannedForEncodings = 0;
			knownRegions = (
				en,
				Base,
			);
			mainGroup = 682D5FE12049DCD500DC633A;
			productRefGroup = 682D5FEB2049DCD500DC633A /* Products */;
			projectDirPath = "";
			projectRoot = "";
			targets = (
				682D5FE92049DCD500DC633A /* contacts */,
			);
		};
/* End PBXProject section */

/* Begin PBXResourcesBuildPhase section */
		682D5FE82049DCD500DC633A /* Resources */ = {
			isa = PBXResourcesBuildPhase;
			buildActionMask = 2147483647;
			files = (
				682D5FFA2049DCD500DC633A /* LaunchScreen.storyboard in Resources */,
				682D5FF72049DCD500DC633A /* Assets.xcassets in Resources */,
				682D5FF52049DCD500DC633A /* Main.storyboard in Resources */,
				682D60022049E37500DC633A /* ContactsDB.plist in Resources */,
			);
			runOnlyForDeploymentPostprocessing = 0;
		};
/* End PBXResourcesBuildPhase section */

/* Begin PBXSourcesBuildPhase section */
		682D5FE62049DCD500DC633A /* Sources */ = {
			isa = PBXSourcesBuildPhase;
			buildActionMask = 2147483647;
			files = (
				682D5FEE2049DCD500DC633A /* AppDelegate.swift in Sources */,
				682D60412049EA5700DC633A /* ContactDetailController.swift in Sources */,
				682D603D2049E78C00DC633A /* contact.swift in Sources */,
				682D603F2049E95200DC633A /* ContactListController.swift in Sources */,
				682D603B2049E6C700DC633A /* plistLoader.swift in Sources */,
			);
			runOnlyForDeploymentPostprocessing = 0;
		};
/* End PBXSourcesBuildPhase section */

/* Begin PBXVariantGroup section */
		682D5FF32049DCD500DC633A /* Main.storyboard */ = {
			isa = PBXVariantGroup;
			children = (
				682D5FF42049DCD500DC633A /* Base */,
			);
			name = Main.storyboard;
			sourceTree = "<group>";
		};
		682D5FF82049DCD500DC633A /* LaunchScreen.storyboard */ = {
			isa = PBXVariantGroup;
			children = (
				682D5FF92049DCD500DC633A /* Base */,
			);
			name = LaunchScreen.storyboard;
			sourceTree = "<group>";
		};
/* End PBXVariantGroup section */

/* Begin XCBuildConfiguration section */
		682D5FFC2049DCD600DC633A /* Debug */ = {
			isa = XCBuildConfiguration;
			buildSettings = {
				ALWAYS_SEARCH_USER_PATHS = NO;
				CLANG_ANALYZER_NONNULL = YES;
				CLANG_ANALYZER_NUMBER_OBJECT_CONVERSION = YES_AGGRESSIVE;
				CLANG_CXX_LANGUAGE_STANDARD = "gnu++14";
				CLANG_CXX_LIBRARY = "libc++";
				CLANG_ENABLE_MODULES = YES;
				CLANG_ENABLE_OBJC_ARC = YES;
				CLANG_WARN_BLOCK_CAPTURE_AUTORELEASING = YES;
				CLANG_WARN_BOOL_CONVERSION = YES;
				CLANG_WARN_COMMA = YES;
				CLANG_WARN_CONSTANT_CONVERSION = YES;
				CLANG_WARN_DIRECT_OBJC_ISA_USAGE = YES_ERROR;
				CLANG_WARN_DOCUMENTATION_COMMENTS = YES;
				CLANG_WARN_EMPTY_BODY = YES;
				CLANG_WARN_ENUM_CONVERSION = YES;
				CLANG_WARN_INFINITE_RECURSION = YES;
				CLANG_WARN_INT_CONVERSION = YES;
				CLANG_WARN_NON_LITERAL_NULL_CONVERSION = YES;
				CLANG_WARN_OBJC_LITERAL_CONVERSION = YES;
				CLANG_WARN_OBJC_ROOT_CLASS = YES_ERROR;
				CLANG_WARN_RANGE_LOOP_ANALYSIS = YES;
				CLANG_WARN_STRICT_PROTOTYPES = YES;
				CLANG_WARN_SUSPICIOUS_MOVE = YES;
				CLANG_WARN_UNGUARDED_AVAILABILITY = YES_AGGRESSIVE;
				CLANG_WARN_UNREACHABLE_CODE = YES;
				CLANG_WARN__DUPLICATE_METHOD_MATCH = YES;
				CODE_SIGN_IDENTITY = "iPhone Developer";
				COPY_PHASE_STRIP = NO;
				DEBUG_INFORMATION_FORMAT = dwarf;
				ENABLE_STRICT_OBJC_MSGSEND = YES;
				ENABLE_TESTABILITY = YES;
				GCC_C_LANGUAGE_STANDARD = gnu11;
				GCC_DYNAMIC_NO_PIC = NO;
				GCC_NO_COMMON_BLOCKS = YES;
				GCC_OPTIMIZATION_LEVEL = 0;
				GCC_PREPROCESSOR_DEFINITIONS = (
					"DEBUG=1",
					"$(inherited)",
				);
				GCC_WARN_64_TO_32_BIT_CONVERSION = YES;
				GCC_WARN_ABOUT_RETURN_TYPE = YES_ERROR;
				GCC_WARN_UNDECLARED_SELECTOR = YES;
				GCC_WARN_UNINITIALIZED_AUTOS = YES_AGGRESSIVE;
				GCC_WARN_UNUSED_FUNCTION = YES;
				GCC_WARN_UNUSED_VARIABLE = YES;
				IPHONEOS_DEPLOYMENT_TARGET = 11.2;
				MTL_ENABLE_DEBUG_INFO = YES;
				ONLY_ACTIVE_ARCH = YES;
				SDKROOT = iphoneos;
				SWIFT_ACTIVE_COMPILATION_CONDITIONS = DEBUG;
				SWIFT_OPTIMIZATION_LEVEL = "-Onone";
			};
			name = Debug;
		};
		682D5FFD2049DCD600DC633A /* Release */ = {
			isa = XCBuildConfiguration;
			buildSettings = {
				ALWAYS_SEARCH_USER_PATHS = NO;
				CLANG_ANALYZER_NONNULL = YES;
				CLANG_ANALYZER_NUMBER_OBJECT_CONVERSION = YES_AGGRESSIVE;
				CLANG_CXX_LANGUAGE_STANDARD = "gnu++14";
				CLANG_CXX_LIBRARY = "libc++";
				CLANG_ENABLE_MODULES = YES;
				CLANG_ENABLE_OBJC_ARC = YES;
				CLANG_WARN_BLOCK_CAPTURE_AUTORELEASING = YES;
				CLANG_WARN_BOOL_CONVERSION = YES;
				CLANG_WARN_COMMA = YES;
				CLANG_WARN_CONSTANT_CONVERSION = YES;
				CLANG_WARN_DIRECT_OBJC_ISA_USAGE = YES_ERROR;
				CLANG_WARN_DOCUMENTATION_COMMENTS = YES;
				CLANG_WARN_EMPTY_BODY = YES;
				CLANG_WARN_ENUM_CONVERSION = YES;
				CLANG_WARN_INFINITE_RECURSION = YES;
				CLANG_WARN_INT_CONVERSION = YES;
				CLANG_WARN_NON_LITERAL_NULL_CONVERSION = YES;
				CLANG_WARN_OBJC_LITERAL_CONVERSION = YES;
				CLANG_WARN_OBJC_ROOT_CLASS = YES_ERROR;
				CLANG_WARN_RANGE_LOOP_ANALYSIS = YES;
				CLANG_WARN_STRICT_PROTOTYPES = YES;
				CLANG_WARN_SUSPICIOUS_MOVE = YES;
				CLANG_WARN_UNGUARDED_AVAILABILITY = YES_AGGRESSIVE;
				CLANG_WARN_UNREACHABLE_CODE = YES;
				CLANG_WARN__DUPLICATE_METHOD_MATCH = YES;
				CODE_SIGN_IDENTITY = "iPhone Developer";
				COPY_PHASE_STRIP = NO;
				DEBUG_INFORMATION_FORMAT = "dwarf-with-dsym";
				ENABLE_NS_ASSERTIONS = NO;
				ENABLE_STRICT_OBJC_MSGSEND = YES;
				GCC_C_LANGUAGE_STANDARD = gnu11;
				GCC_NO_COMMON_BLOCKS = YES;
				GCC_WARN_64_TO_32_BIT_CONVERSION = YES;
				GCC_WARN_ABOUT_RETURN_TYPE = YES_ERROR;
				GCC_WARN_UNDECLARED_SELECTOR = YES;
				GCC_WARN_UNINITIALIZED_AUTOS = YES_AGGRESSIVE;
				GCC_WARN_UNUSED_FUNCTION = YES;
				GCC_WARN_UNUSED_VARIABLE = YES;
				IPHONEOS_DEPLOYMENT_TARGET = 11.2;
				MTL_ENABLE_DEBUG_INFO = NO;
				SDKROOT = iphoneos;
				SWIFT_OPTIMIZATION_LEVEL = "-Owholemodule";
				VALIDATE_PRODUCT = YES;
			};
			name = Release;
		};
		682D5FFF2049DCD600DC633A /* Debug */ = {
			isa = XCBuildConfiguration;
			buildSettings = {
				ASSETCATALOG_COMPILER_APPICON_NAME = AppIcon;
				CODE_SIGN_STYLE = Automatic;
				INFOPLIST_FILE = contacts/Info.plist;
				LD_RUNPATH_SEARCH_PATHS = "$(inherited) @executable_path/Frameworks";
				PRODUCT_BUNDLE_IDENTIFIER = personal.contacts;
				PRODUCT_NAME = "$(TARGET_NAME)";
				SWIFT_VERSION = 4.0;
				TARGETED_DEVICE_FAMILY = "1,2";
			};
			name = Debug;
		};
		682D60002049DCD600DC633A /* Release */ = {
			isa = XCBuildConfiguration;
			buildSettings = {
				ASSETCATALOG_COMPILER_APPICON_NAME = AppIcon;
				CODE_SIGN_STYLE = Automatic;
				INFOPLIST_FILE = contacts/Info.plist;
				LD_RUNPATH_SEARCH_PATHS = "$(inherited) @executable_path/Frameworks";
				PRODUCT_BUNDLE_IDENTIFIER = personal.contacts;
				PRODUCT_NAME = "$(TARGET_NAME)";
				SWIFT_VERSION = 4.0;
				TARGETED_DEVICE_FAMILY = "1,2";
			};
			name = Release;
		};
/* End XCBuildConfiguration section */

/* Begin XCConfigurationList section */
		682D5FE52049DCD500DC633A /* Build configuration list for PBXProject "contacts" */ = {
			isa = XCConfigurationList;
			buildConfigurations = (
				682D5FFC2049DCD600DC633A /* Debug */,
				682D5FFD2049DCD600DC633A /* Release */,
			);
			defaultConfigurationIsVisible = 0;
			defaultConfigurationName = Release;
		};
		682D5FFE2049DCD600DC633A /* Build configuration list for PBXNativeTarget "contacts" */ = {
			isa = XCConfigurationList;
			buildConfigurations = (
				682D5FFF2049DCD600DC633A /* Debug */,
				682D60002049DCD600DC633A /* Release */,
			);
			defaultConfigurationIsVisible = 0;
			defaultConfigurationName = Release;
		};
/* End XCConfigurationList section */
	};
	rootObject = 682D5FE22049DCD500DC633A /* Project object */;
}
